
Microsoft Visual Studio Solution File, Format Version 12.00
# Visual Studio Version 17
VisualStudioVersion = 17.0.31903.59
MinimumVisualStudioVersion = 10.0.40219.1
Project("{9A19103F-16F7-4668-BE54-9A1E7A4F7556}") = "SteamNowPlaying", "src\SteamNowPlaying\SteamNowPlaying.csproj", "{6C0F4B8E-2B1D-4E6A-9C1A-1E2B3C4D5E61}"
EndProject
Project("{9A19103F-16F7-4668-BE54-9A1E7A4F7556}") = "SteamNowPlaying.Tests", "tests\SteamNowPlaying.Tests\SteamNowPlaying.Tests.csproj", "{7D1A5C9F-3C2E-4F7B-8D2B-2F3C4D5E6F72}"
EndProject
Global
	GlobalSection(SolutionConfigurationPlatforms) = preSolution
		Debug|Any CPU = Debug|Any CPU
		Release|Any CPU = Release|Any CPU
	EndGlobalSection
	GlobalSection(ProjectConfigurationPlatforms) = postSolution
		{6C0F4B8E-2B1D-4E6A-9C1A-1E2B3C4D5E61}.Debug|Any CPU.ActiveCfg = Debug|Any CPU
		{6C0F4B8E-2B1D-4E6A-9C1A-1E2B3C4D5E61}.Debug|Any CPU.Build.0 = Debug|Any CPU
		{6C0F4B8E-2B1D-4E6A-9C1A-1E2B3C4D5E61}.Release|Any CPU.ActiveCfg = Release|Any CPU
		{6C0F4B8E-2B1D-4E6A-9C1A-1E2B3C4D5E61}.Release|Any CPU.Build.0 = Release|Any CPU
		{7D1A5C9F-3C2E-4F7B-8D2B-2F3C4D5E6F72}.Debug|Any CPU.ActiveCfg = Debug|Any CPU
		{7D1A5C9F-3C2E-4F7B-8D2B-2F3C4D5E6F72}.Debug|Any CPU.Build.0 = Debug|Any CPU
		{7D1A5C9F-3C2E-4F7B-8D2B-2F3C4D5E6F72}.Release|Any CPU.ActiveCfg = Release|Any CPU
		{7D1A5C9F-3C2E-4F7B-8D2B-2F3C4D5E6F72}.Release|Any CPU.Build.0 = Release|Any CPU
	EndGlobalSection
EndGlobal
